
Microsoft Visual Studio Solution File, Format Version 12.00
# Visual Studio 14
VisualStudioVersion = 14.0.23107.0
MinimumVisualStudioVersion = 10.0.40219.1
Project("{FAE04EC0-301F-11D3-BF4B-00C04F79EFBC}") = "TaxiBilling", "TaxiBilling\TaxiBilling.csproj", "{8A49ADD7-6A24-49D3-A3C3-80A13818A789}"
EndProject
Project("{FAE04EC0-301F-11D3-BF4B-00C04F79EFBC}") = "TaxiBillingTests", "TaxiBillingTests\TaxiBillingTests.csproj", "{CEDC4D0F-A9BD-4DA9-BE78-69DE9D0600FD}"
EndProject
Global
	GlobalSection(SolutionConfigurationPlatforms) = preSolution
		Debug|Any CPU = Debug|Any CPU
		Release|Any CPU = Release|Any CPU
	EndGlobalSection
	GlobalSection(ProjectConfigurationPlatforms) = postSolution
		{8A49ADD7-6A24-49D3-A3C3-80A13818A789}.Debug|Any CPU.ActiveCfg = Debug|Any CPU
		{8A49ADD7-6A24-49D3-A3C3-80A13818A789}.Debug|Any CPU.Build.0 = Debug|Any CPU
		{8A49ADD7-6A24-49D3-A3C3-80A13818A789}.Release|Any CPU.ActiveCfg = Release|Any CPU
		{8A49ADD7-6A24-49D3-A3C3-80A13818A789}.Release|Any CPU.Build.0 = Release|Any CPU
		{CEDC4D0F-A9BD-4DA9-BE78-69DE9D0600FD}.Debug|Any CPU.ActiveCfg = Debug|Any CPU
		{CEDC4D0F-A9BD-4DA9-BE78-69DE9D0600FD}.Debug|Any CPU.Build.0 = Debug|Any CPU
		{CEDC4D0F-A9BD-4DA9-BE78-69DE9D0600FD}.Release|Any CPU.ActiveCfg = Release|Any CPU
		{CEDC4D0F-A9BD-4DA9-BE78-69DE9D0600FD}.Release|Any CPU.Build.0 = Release|Any CPU
	EndGlobalSection
	GlobalSection(SolutionProperties) = preSolution
		HideSolutionNode = FALSE
	EndGlobalSection
EndGlobal
